
Microsoft Visual Studio Solution File, Format Version 12.00
# Visual Studio Version 16
VisualStudioVersion = 16.0.33529.622
MinimumVisualStudioVersion = 10.0.40219.1
Project("{9A19103F-16F7-4668-BE54-9A1E7A4F7556}") = "TestWebHostingApp", "TestWebHostingApp.csproj", "{AED27B05-782A-4670-B0F2-DCADDDC1657D}"
EndProject
Global
	GlobalSection(SolutionConfigurationPlatforms) = preSolution
		Debug|Any CPU = Debug|Any CPU
		Release|Any CPU = Release|Any CPU
	EndGlobalSection
	GlobalSection(ProjectConfigurationPlatforms) = postSolution
		{AED27B05-782A-4670-B0F2-DCADDDC1657D}.Debug|Any CPU.ActiveCfg = Debug|Any CPU
		{AED27B05-782A-4670-B0F2-DCADDDC1657D}.Debug|Any CPU.Build.0 = Debug|Any CPU
		{AED27B05-782A-4670-B0F2-DCADDDC1657D}.Release|Any CPU.ActiveCfg = Release|Any CPU
		{AED27B05-782A-4670-B0F2-DCADDDC1657D}.Release|Any CPU.Build.0 = Release|Any CPU
	EndGlobalSection
	GlobalSection(SolutionProperties) = preSolution
		HideSolutionNode = FALSE
	EndGlobalSection
	GlobalSection(ExtensibilityGlobals) = postSolution
		SolutionGuid = {838E26D0-7326-4F98-930B-D8D041725E12}
	EndGlobalSection
	GlobalSection(TeamFoundationVersionControl) = preSolution
		SccNumberOfProjects = 1
		SccEnterpriseProvider = {4CA58AB2-18FA-4F8D-95D4-32DDF27D184C}
		SccTeamFoundationServer = https://dev.azure.com/sivaprasad0967
		SccProjectUniqueName0 = TestWebHostingApp.csproj
		SccProjectName0 = .
		SccAuxPath0 = https://dev.azure.com/sivaprasad0967
		SccLocalPath0 = .
		SccProvider0 = {4CA58AB2-18FA-4F8D-95D4-32DDF27D184C}
	EndGlobalSection
EndGlobal
